
Microsoft Visual Studio Solution File, Format Version 12.00
# Visual Studio 15
VisualStudioVersion = 15.0.28010.2046
MinimumVisualStudioVersion = 10.0.40219.1
Project("{FAE04EC0-301F-11D3-BF4B-00C04F79EFBC}") = "ImageUploader", "ImageUploader\ImageUploader.csproj", "{762BE8CB-A605-4790-8A4A-20A892AF59C2}"
EndProject
Global
	GlobalSection(SolutionConfigurationPlatforms) = preSolution
		Debug|Any CPU = Debug|Any CPU
		Release|Any CPU = Release|Any CPU
	EndGlobalSection
	GlobalSection(ProjectConfigurationPlatforms) = postSolution
		{762BE8CB-A605-4790-8A4A-20A892AF59C2}.Debug|Any CPU.ActiveCfg = Debug|Any CPU
		{762BE8CB-A605-4790-8A4A-20A892AF59C2}.Debug|Any CPU.Build.0 = Debug|Any CPU
		{762BE8CB-A605-4790-8A4A-20A892AF59C2}.Release|Any CPU.ActiveCfg = Release|Any CPU
		{762BE8CB-A605-4790-8A4A-20A892AF59C2}.Release|Any CPU.Build.0 = Release|Any CPU
	EndGlobalSection
	GlobalSection(SolutionProperties) = preSolution
		HideSolutionNode = FALSE
	EndGlobalSection
	GlobalSection(ExtensibilityGlobals) = postSolution
		SolutionGuid = {35D0789D-67A5-4FE5-B1DB-6CD52D6B6997}
	EndGlobalSection
EndGlobal
